
Microsoft Visual Studio Solution File, Format Version 12.00
# Visual Studio Version 17
VisualStudioVersion = 17.5.33424.131
MinimumVisualStudioVersion = 10.0.40219.1
Project("{FAE04EC0-301F-11D3-BF4B-00C04F79EFBC}") = "Utilities", "Utilities\Utilities.csproj", "{AA089B64-5090-43B0-B709-4D4CB64C7BB5}"
EndProject
Global
	GlobalSection(SolutionConfigurationPlatforms) = preSolution
		Debug|Any CPU = Debug|Any CPU
		Release|Any CPU = Release|Any CPU
	EndGlobalSection
	GlobalSection(ProjectConfigurationPlatforms) = postSolution
		{AA089B64-5090-43B0-B709-4D4CB64C7BB5}.Debug|Any CPU.ActiveCfg = Debug|Any CPU
		{AA089B64-5090-43B0-B709-4D4CB64C7BB5}.Debug|Any CPU.Build.0 = Debug|Any CPU
		{AA089B64-5090-43B0-B709-4D4CB64C7BB5}.Release|Any CPU.ActiveCfg = Release|Any CPU
		{AA089B64-5090-43B0-B709-4D4CB64C7BB5}.Release|Any CPU.Build.0 = Release|Any CPU
	EndGlobalSection
	GlobalSection(SolutionProperties) = preSolution
		HideSolutionNode = FALSE
	EndGlobalSection
	GlobalSection(ExtensibilityGlobals) = postSolution
		SolutionGuid = {35DFAF46-C29D-48D9-BEC4-DB3DCAA2294F}
	EndGlobalSection
EndGlobal
